
Microsoft Visual Studio Solution File, Format Version 12.00
# Visual Studio Version 17
VisualStudioVersion = 17.3.32825.248
MinimumVisualStudioVersion = 10.0.40219.1
Project("{FAE04EC0-301F-11D3-BF4B-00C04F79EFBC}") = "HotFixAssembly", "HotFixAssembly.csproj", "{CE8236A6-2245-4E93-9D59-9B96D87D07DE}"
EndProject
Global
	GlobalSection(SolutionConfigurationPlatforms) = preSolution
		Debug|Any CPU = Debug|Any CPU
		Release|Any CPU = Release|Any CPU
	EndGlobalSection
	GlobalSection(ProjectConfigurationPlatforms) = postSolution
		{CE8236A6-2245-4E93-9D59-9B96D87D07DE}.Debug|Any CPU.ActiveCfg = Debug|Any CPU
		{CE8236A6-2245-4E93-9D59-9B96D87D07DE}.Debug|Any CPU.Build.0 = Debug|Any CPU
		{CE8236A6-2245-4E93-9D59-9B96D87D07DE}.Release|Any CPU.ActiveCfg = Release|Any CPU
		{CE8236A6-2245-4E93-9D59-9B96D87D07DE}.Release|Any CPU.Build.0 = Release|Any CPU
	EndGlobalSection
	GlobalSection(SolutionProperties) = preSolution
		HideSolutionNode = FALSE
	EndGlobalSection
	GlobalSection(ExtensibilityGlobals) = postSolution
		SolutionGuid = {0B85925D-2444-4D36-9B2A-D14DF833840D}
	EndGlobalSection
EndGlobal
